
Microsoft Visual Studio Solution File, Format Version 12.00
# Visual Studio Version 17
VisualStudioVersion = 17.9.34616.47
MinimumVisualStudioVersion = 10.0.40219.1
Project("{9A19103F-16F7-4668-BE54-9A1E7A4F7556}") = "MYClassLibrary", "MYClassLibrary\MYClassLibrary.csproj", "{06BBD0E7-92F1-4BF0-A6EA-897B9808AC59}"
EndProject
Project("{9A19103F-16F7-4668-BE54-9A1E7A4F7556}") = "Task1", "Task1\Task1.csproj", "{358A5346-4C8E-466A-85B8-D42324B0EFB4}"
EndProject
Project("{2150E333-8FDC-42A3-9474-1A3956D46DE8}") = "FolderTask1", "FolderTask1", "{2C8744F4-CCB9-46AE-9785-542D2B61BF45}"
EndProject
Project("{2150E333-8FDC-42A3-9474-1A3956D46DE8}") = "FolderTask2", "FolderTask2", "{E11C74CE-8714-4A00-81B0-E380AF9E6C77}"
EndProject
Project("{9A19103F-16F7-4668-BE54-9A1E7A4F7556}") = "MYClassLibrary2", "MYClassLibrary2\MYClassLibrary2.csproj", "{4F908FEE-52A7-47EF-A57E-F5BD13812A76}"
EndProject
Project("{9A19103F-16F7-4668-BE54-9A1E7A4F7556}") = "Task2", "Task2\Task2.csproj", "{8D1A43E8-DFC0-4BF1-B529-04CCBB69816C}"
EndProject
Project("{2150E333-8FDC-42A3-9474-1A3956D46DE8}") = "FolderTask3", "FolderTask3", "{1A75182F-11CD-4FEF-AE37-C32DCD396737}"
EndProject
Project("{9A19103F-16F7-4668-BE54-9A1E7A4F7556}") = "MYClassLibrary3", "MYClassLibrary3\MYClassLibrary3.csproj", "{4DEB4AC5-C304-44DC-A349-98C4D14CACF5}"
EndProject
Project("{9A19103F-16F7-4668-BE54-9A1E7A4F7556}") = "Task3", "Task3\Task3.csproj", "{5D01332A-0D46-4C16-B09D-54BFD584E960}"
EndProject
Project("{2150E333-8FDC-42A3-9474-1A3956D46DE8}") = "FolderTask4", "FolderTask4", "{BCCDF478-367D-461F-A418-71548365B4F1}"
EndProject
Project("{9A19103F-16F7-4668-BE54-9A1E7A4F7556}") = "MYClassLibrary4", "MYClassLibrary4\MYClassLibrary4.csproj", "{DF7F9FF3-56AD-4626-A41C-4072B608E79B}"
EndProject
Project("{FAE04EC0-301F-11D3-BF4B-00C04F79EFBC}") = "Task4", "Task4\Task4.csproj", "{F4570F04-FAA0-4DBA-96D7-1A587C3E8459}"
EndProject
Project("{2150E333-8FDC-42A3-9474-1A3956D46DE8}") = "FolderTask5", "FolderTask5", "{49489B99-D782-4F9E-9F32-BB960E8F3505}"
EndProject
Project("{FAE04EC0-301F-11D3-BF4B-00C04F79EFBC}") = "MYClassLibrary5", "MYClassLibrary5\MYClassLibrary5.csproj", "{4D555EC9-2D6C-4FBA-B80C-51E25D48C70D}"
EndProject
Project("{FAE04EC0-301F-11D3-BF4B-00C04F79EFBC}") = "Task5", "Task5\Task5.csproj", "{DF74C2D3-D723-47FD-A59F-47D8C51C536C}"
EndProject
Global
	GlobalSection(SolutionConfigurationPlatforms) = preSolution
		Debug|Any CPU = Debug|Any CPU
		Release|Any CPU = Release|Any CPU
	EndGlobalSection
	GlobalSection(ProjectConfigurationPlatforms) = postSolution
		{06BBD0E7-92F1-4BF0-A6EA-897B9808AC59}.Debug|Any CPU.ActiveCfg = Debug|Any CPU
		{06BBD0E7-92F1-4BF0-A6EA-897B9808AC59}.Debug|Any CPU.Build.0 = Debug|Any CPU
		{06BBD0E7-92F1-4BF0-A6EA-897B9808AC59}.Release|Any CPU.ActiveCfg = Release|Any CPU
		{06BBD0E7-92F1-4BF0-A6EA-897B9808AC59}.Release|Any CPU.Build.0 = Release|Any CPU
		{358A5346-4C8E-466A-85B8-D42324B0EFB4}.Debug|Any CPU.ActiveCfg = Debug|Any CPU
		{358A5346-4C8E-466A-85B8-D42324B0EFB4}.Debug|Any CPU.Build.0 = Debug|Any CPU
		{358A5346-4C8E-466A-85B8-D42324B0EFB4}.Release|Any CPU.ActiveCfg = Release|Any CPU
		{358A5346-4C8E-466A-85B8-D42324B0EFB4}.Release|Any CPU.Build.0 = Release|Any CPU
		{4F908FEE-52A7-47EF-A57E-F5BD13812A76}.Debug|Any CPU.ActiveCfg = Debug|Any CPU
		{4F908FEE-52A7-47EF-A57E-F5BD13812A76}.Debug|Any CPU.Build.0 = Debug|Any CPU
		{4F908FEE-52A7-47EF-A57E-F5BD13812A76}.Release|Any CPU.ActiveCfg = Release|Any CPU
		{4F908FEE-52A7-47EF-A57E-F5BD13812A76}.Release|Any CPU.Build.0 = Release|Any CPU
		{8D1A43E8-DFC0-4BF1-B529-04CCBB69816C}.Debug|Any CPU.ActiveCfg = Debug|Any CPU
		{8D1A43E8-DFC0-4BF1-B529-04CCBB69816C}.Debug|Any CPU.Build.0 = Debug|Any CPU
		{8D1A43E8-DFC0-4BF1-B529-04CCBB69816C}.Release|Any CPU.ActiveCfg = Release|Any CPU
		{8D1A43E8-DFC0-4BF1-B529-04CCBB69816C}.Release|Any CPU.Build.0 = Release|Any CPU
		{4DEB4AC5-C304-44DC-A349-98C4D14CACF5}.Debug|Any CPU.ActiveCfg = Debug|Any CPU
		{4DEB4AC5-C304-44DC-A349-98C4D14CACF5}.Debug|Any CPU.Build.0 = Debug|Any CPU
		{4DEB4AC5-C304-44DC-A349-98C4D14CACF5}.Release|Any CPU.ActiveCfg = Release|Any CPU
		{4DEB4AC5-C304-44DC-A349-98C4D14CACF5}.Release|Any CPU.Build.0 = Release|Any CPU
		{5D01332A-0D46-4C16-B09D-54BFD584E960}.Debug|Any CPU.ActiveCfg = Debug|Any CPU
		{5D01332A-0D46-4C16-B09D-54BFD584E960}.Debug|Any CPU.Build.0 = Debug|Any CPU
		{5D01332A-0D46-4C16-B09D-54BFD584E960}.Release|Any CPU.ActiveCfg = Release|Any CPU
		{5D01332A-0D46-4C16-B09D-54BFD584E960}.Release|Any CPU.Build.0 = Release|Any CPU
		{DF7F9FF3-56AD-4626-A41C-4072B608E79B}.Debug|Any CPU.ActiveCfg = Debug|Any CPU
		{DF7F9FF3-56AD-4626-A41C-4072B608E79B}.Debug|Any CPU.Build.0 = Debug|Any CPU
		{DF7F9FF3-56AD-4626-A41C-4072B608E79B}.Release|Any CPU.ActiveCfg = Release|Any CPU
		{DF7F9FF3-56AD-4626-A41C-4072B608E79B}.Release|Any CPU.Build.0 = Release|Any CPU
		{F4570F04-FAA0-4DBA-96D7-1A587C3E8459}.Debug|Any CPU.ActiveCfg = Debug|Any CPU
		{F4570F04-FAA0-4DBA-96D7-1A587C3E8459}.Debug|Any CPU.Build.0 = Debug|Any CPU
		{F4570F04-FAA0-4DBA-96D7-1A587C3E8459}.Release|Any CPU.ActiveCfg = Release|Any CPU
		{F4570F04-FAA0-4DBA-96D7-1A587C3E8459}.Release|Any CPU.Build.0 = Release|Any CPU
		{4D555EC9-2D6C-4FBA-B80C-51E25D48C70D}.Debug|Any CPU.ActiveCfg = Debug|Any CPU
		{4D555EC9-2D6C-4FBA-B80C-51E25D48C70D}.Debug|Any CPU.Build.0 = Debug|Any CPU
		{4D555EC9-2D6C-4FBA-B80C-51E25D48C70D}.Release|Any CPU.ActiveCfg = Release|Any CPU
		{4D555EC9-2D6C-4FBA-B80C-51E25D48C70D}.Release|Any CPU.Build.0 = Release|Any CPU
		{DF74C2D3-D723-47FD-A59F-47D8C51C536C}.Debug|Any CPU.ActiveCfg = Debug|Any CPU
		{DF74C2D3-D723-47FD-A59F-47D8C51C536C}.Debug|Any CPU.Build.0 = Debug|Any CPU
		{DF74C2D3-D723-47FD-A59F-47D8C51C536C}.Release|Any CPU.ActiveCfg = Release|Any CPU
		{DF74C2D3-D723-47FD-A59F-47D8C51C536C}.Release|Any CPU.Build.0 = Release|Any CPU
	EndGlobalSection
	GlobalSection(SolutionProperties) = preSolution
		HideSolutionNode = FALSE
	EndGlobalSection
	GlobalSection(NestedProjects) = preSolution
		{06BBD0E7-92F1-4BF0-A6EA-897B9808AC59} = {2C8744F4-CCB9-46AE-9785-542D2B61BF45}
		{358A5346-4C8E-466A-85B8-D42324B0EFB4} = {2C8744F4-CCB9-46AE-9785-542D2B61BF45}
		{4F908FEE-52A7-47EF-A57E-F5BD13812A76} = {E11C74CE-8714-4A00-81B0-E380AF9E6C77}
		{8D1A43E8-DFC0-4BF1-B529-04CCBB69816C} = {E11C74CE-8714-4A00-81B0-E380AF9E6C77}
		{4DEB4AC5-C304-44DC-A349-98C4D14CACF5} = {1A75182F-11CD-4FEF-AE37-C32DCD396737}
		{5D01332A-0D46-4C16-B09D-54BFD584E960} = {1A75182F-11CD-4FEF-AE37-C32DCD396737}
		{DF7F9FF3-56AD-4626-A41C-4072B608E79B} = {BCCDF478-367D-461F-A418-71548365B4F1}
		{F4570F04-FAA0-4DBA-96D7-1A587C3E8459} = {BCCDF478-367D-461F-A418-71548365B4F1}
		{4D555EC9-2D6C-4FBA-B80C-51E25D48C70D} = {49489B99-D782-4F9E-9F32-BB960E8F3505}
		{DF74C2D3-D723-47FD-A59F-47D8C51C536C} = {49489B99-D782-4F9E-9F32-BB960E8F3505}
	EndGlobalSection
	GlobalSection(ExtensibilityGlobals) = postSolution
		SolutionGuid = {24C7AD30-1B15-4EB9-A8AE-9CD476D0CC40}
	EndGlobalSection
EndGlobal
