
Microsoft Visual Studio Solution File, Format Version 12.00
# Visual Studio Version 17
VisualStudioVersion = 17.9.34616.47
MinimumVisualStudioVersion = 10.0.40219.1
Project("{9A19103F-16F7-4668-BE54-9A1E7A4F7556}") = "LibraryTask2", "MYClassLibrary\LibraryTask2.csproj", "{D20E6648-E2B1-48AC-9BB9-21D58E75A4A7}"
EndProject
Project("{9A19103F-16F7-4668-BE54-9A1E7A4F7556}") = "Demo2", "Demo\Demo2.csproj", "{1E9DA71C-A9EC-454C-89AE-A1E609DF50A9}"
EndProject
Project("{2150E333-8FDC-42A3-9474-1A3956D46DE8}") = "task2", "task2", "{1D10B7D8-B4C6-4C92-8A12-C8D2160AC802}"
EndProject
Project("{2150E333-8FDC-42A3-9474-1A3956D46DE8}") = "task3", "task3", "{BA275977-229A-41E7-AD30-F3A09AF86D15}"
EndProject
Project("{9A19103F-16F7-4668-BE54-9A1E7A4F7556}") = "LibraryTask3", "MYClassLibrary2\LibraryTask3.csproj", "{F37217F9-E829-4221-AEE6-FF742F1E13EA}"
EndProject
Project("{9A19103F-16F7-4668-BE54-9A1E7A4F7556}") = "Demo3", "Demo3\Demo3.csproj", "{14511444-BA28-4B78-8863-0738BCCBFA7C}"
EndProject
Project("{2150E333-8FDC-42A3-9474-1A3956D46DE8}") = "task4", "task4", "{F92A1960-156D-4FA9-84B7-A195B07996C4}"
EndProject
Project("{FAE04EC0-301F-11D3-BF4B-00C04F79EFBC}") = "task4", "task4\task4.csproj", "{77DB9167-C271-4DB8-B851-144CAB0A0F70}"
EndProject
Project("{2150E333-8FDC-42A3-9474-1A3956D46DE8}") = "task5", "task5", "{5CF89AEF-B501-49EC-88FF-52829E728984}"
EndProject
Project("{FAE04EC0-301F-11D3-BF4B-00C04F79EFBC}") = "task5", "task5\task5.csproj", "{FE0C2688-D79D-4D4C-8BB8-AB495541AA2E}"
EndProject
Project("{FAE04EC0-301F-11D3-BF4B-00C04F79EFBC}") = "LibraryTask5", "LibraryTask5\LibraryTask5.csproj", "{0E224D3C-D1B1-4DCE-8673-CD50C42261A4}"
EndProject
Global
	GlobalSection(SolutionConfigurationPlatforms) = preSolution
		Debug|Any CPU = Debug|Any CPU
		Release|Any CPU = Release|Any CPU
	EndGlobalSection
	GlobalSection(ProjectConfigurationPlatforms) = postSolution
		{D20E6648-E2B1-48AC-9BB9-21D58E75A4A7}.Debug|Any CPU.ActiveCfg = Debug|Any CPU
		{D20E6648-E2B1-48AC-9BB9-21D58E75A4A7}.Debug|Any CPU.Build.0 = Debug|Any CPU
		{D20E6648-E2B1-48AC-9BB9-21D58E75A4A7}.Release|Any CPU.ActiveCfg = Release|Any CPU
		{D20E6648-E2B1-48AC-9BB9-21D58E75A4A7}.Release|Any CPU.Build.0 = Release|Any CPU
		{1E9DA71C-A9EC-454C-89AE-A1E609DF50A9}.Debug|Any CPU.ActiveCfg = Debug|Any CPU
		{1E9DA71C-A9EC-454C-89AE-A1E609DF50A9}.Debug|Any CPU.Build.0 = Debug|Any CPU
		{1E9DA71C-A9EC-454C-89AE-A1E609DF50A9}.Release|Any CPU.ActiveCfg = Release|Any CPU
		{1E9DA71C-A9EC-454C-89AE-A1E609DF50A9}.Release|Any CPU.Build.0 = Release|Any CPU
		{F37217F9-E829-4221-AEE6-FF742F1E13EA}.Debug|Any CPU.ActiveCfg = Debug|Any CPU
		{F37217F9-E829-4221-AEE6-FF742F1E13EA}.Debug|Any CPU.Build.0 = Debug|Any CPU
		{F37217F9-E829-4221-AEE6-FF742F1E13EA}.Release|Any CPU.ActiveCfg = Release|Any CPU
		{F37217F9-E829-4221-AEE6-FF742F1E13EA}.Release|Any CPU.Build.0 = Release|Any CPU
		{14511444-BA28-4B78-8863-0738BCCBFA7C}.Debug|Any CPU.ActiveCfg = Debug|Any CPU
		{14511444-BA28-4B78-8863-0738BCCBFA7C}.Debug|Any CPU.Build.0 = Debug|Any CPU
		{14511444-BA28-4B78-8863-0738BCCBFA7C}.Release|Any CPU.ActiveCfg = Release|Any CPU
		{14511444-BA28-4B78-8863-0738BCCBFA7C}.Release|Any CPU.Build.0 = Release|Any CPU
		{77DB9167-C271-4DB8-B851-144CAB0A0F70}.Debug|Any CPU.ActiveCfg = Debug|Any CPU
		{77DB9167-C271-4DB8-B851-144CAB0A0F70}.Debug|Any CPU.Build.0 = Debug|Any CPU
		{77DB9167-C271-4DB8-B851-144CAB0A0F70}.Release|Any CPU.ActiveCfg = Release|Any CPU
		{77DB9167-C271-4DB8-B851-144CAB0A0F70}.Release|Any CPU.Build.0 = Release|Any CPU
		{FE0C2688-D79D-4D4C-8BB8-AB495541AA2E}.Debug|Any CPU.ActiveCfg = Debug|Any CPU
		{FE0C2688-D79D-4D4C-8BB8-AB495541AA2E}.Debug|Any CPU.Build.0 = Debug|Any CPU
		{FE0C2688-D79D-4D4C-8BB8-AB495541AA2E}.Release|Any CPU.ActiveCfg = Release|Any CPU
		{FE0C2688-D79D-4D4C-8BB8-AB495541AA2E}.Release|Any CPU.Build.0 = Release|Any CPU
		{0E224D3C-D1B1-4DCE-8673-CD50C42261A4}.Debug|Any CPU.ActiveCfg = Debug|Any CPU
		{0E224D3C-D1B1-4DCE-8673-CD50C42261A4}.Debug|Any CPU.Build.0 = Debug|Any CPU
		{0E224D3C-D1B1-4DCE-8673-CD50C42261A4}.Release|Any CPU.ActiveCfg = Release|Any CPU
		{0E224D3C-D1B1-4DCE-8673-CD50C42261A4}.Release|Any CPU.Build.0 = Release|Any CPU
	EndGlobalSection
	GlobalSection(SolutionProperties) = preSolution
		HideSolutionNode = FALSE
	EndGlobalSection
	GlobalSection(NestedProjects) = preSolution
		{D20E6648-E2B1-48AC-9BB9-21D58E75A4A7} = {1D10B7D8-B4C6-4C92-8A12-C8D2160AC802}
		{1E9DA71C-A9EC-454C-89AE-A1E609DF50A9} = {1D10B7D8-B4C6-4C92-8A12-C8D2160AC802}
		{F37217F9-E829-4221-AEE6-FF742F1E13EA} = {BA275977-229A-41E7-AD30-F3A09AF86D15}
		{14511444-BA28-4B78-8863-0738BCCBFA7C} = {BA275977-229A-41E7-AD30-F3A09AF86D15}
		{77DB9167-C271-4DB8-B851-144CAB0A0F70} = {F92A1960-156D-4FA9-84B7-A195B07996C4}
		{FE0C2688-D79D-4D4C-8BB8-AB495541AA2E} = {5CF89AEF-B501-49EC-88FF-52829E728984}
		{0E224D3C-D1B1-4DCE-8673-CD50C42261A4} = {5CF89AEF-B501-49EC-88FF-52829E728984}
	EndGlobalSection
	GlobalSection(ExtensibilityGlobals) = postSolution
		SolutionGuid = {C89549A9-8211-4FB1-8F09-9F1319BA71F5}
	EndGlobalSection
EndGlobal
