
Microsoft Visual Studio Solution File, Format Version 12.00
# Visual Studio Version 17
VisualStudioVersion = 17.9.34616.47
MinimumVisualStudioVersion = 10.0.40219.1
Project("{9A19103F-16F7-4668-BE54-9A1E7A4F7556}") = "MYClassLibrary", "MYClassLibrary\MYClassLibrary.csproj", "{CCA5E3EA-74F6-42F9-A6AF-0D04A774BFBD}"
EndProject
Project("{9A19103F-16F7-4668-BE54-9A1E7A4F7556}") = "Demonstration", "Demonstration\Demonstration.csproj", "{AD6FA59E-048F-44F9-9FF1-238A0CDD7723}"
EndProject
Project("{2150E333-8FDC-42A3-9474-1A3956D46DE8}") = "Task1", "Task1", "{8FAE0C95-6F12-42C0-82BB-5E2BCFAAEE33}"
EndProject
Project("{2150E333-8FDC-42A3-9474-1A3956D46DE8}") = "Task2", "Task2", "{360E3E67-B9F1-4840-9E02-8FAFBBEBDE56}"
EndProject
Project("{9A19103F-16F7-4668-BE54-9A1E7A4F7556}") = "MYClassLibrary2", "MYClassLibrary2\MYClassLibrary2.csproj", "{65A97EF8-0350-4E76-B69B-DAFE64BFEC86}"
EndProject
Project("{9A19103F-16F7-4668-BE54-9A1E7A4F7556}") = "Task2", "Task2\Task2.csproj", "{354EFEF3-90C5-4E5A-83C3-F9B79BDD984B}"
EndProject
Project("{2150E333-8FDC-42A3-9474-1A3956D46DE8}") = "Task3", "Task3", "{6E73D3DA-4180-4768-AC4D-12DE876669BC}"
EndProject
Project("{9A19103F-16F7-4668-BE54-9A1E7A4F7556}") = "MYClassLibrary3", "MYClassLibrary3\MYClassLibrary3.csproj", "{48D463B3-0E68-491F-987E-87C162CAA158}"
EndProject
Project("{9A19103F-16F7-4668-BE54-9A1E7A4F7556}") = "task3", "task3\task3.csproj", "{C42B8C05-35AF-49FC-8DA9-2DCD4CD47EC0}"
EndProject
Project("{2150E333-8FDC-42A3-9474-1A3956D46DE8}") = "Task4", "Task4", "{0692E4BA-7D81-4F39-8A6A-CE8A7A7845FB}"
EndProject
Project("{9A19103F-16F7-4668-BE54-9A1E7A4F7556}") = "MYClassLibrary4", "MYClassLibrary4\MYClassLibrary4.csproj", "{FBB689D0-CA21-4A2D-809C-930A3B2335AF}"
EndProject
Project("{9A19103F-16F7-4668-BE54-9A1E7A4F7556}") = "task4", "task4\task4.csproj", "{13CE3EBB-B593-4161-A492-00317CAF8240}"
EndProject
Project("{2150E333-8FDC-42A3-9474-1A3956D46DE8}") = "Task5", "Task5", "{D68D8A00-1BDD-48FA-A6F2-72FDD07F9552}"
EndProject
Project("{9A19103F-16F7-4668-BE54-9A1E7A4F7556}") = "MYClassLibrary5", "MYClassLibrary5\MYClassLibrary5.csproj", "{0E0DE3A1-927C-4BB6-B16A-C77659936646}"
EndProject
Project("{9A19103F-16F7-4668-BE54-9A1E7A4F7556}") = "task5", "task5\task5.csproj", "{DC524153-EEB9-4657-B39E-098BAE282312}"
EndProject
Project("{2150E333-8FDC-42A3-9474-1A3956D46DE8}") = "Task6", "Task6", "{435FDD74-AC4E-49C6-97D4-AAEE73EA8CC3}"
EndProject
Project("{FAE04EC0-301F-11D3-BF4B-00C04F79EFBC}") = "MYClassLibrary6", "MYClassLibrary6\MYClassLibrary6.csproj", "{5978D4C2-7235-400B-8899-52BBC005965C}"
EndProject
Project("{FAE04EC0-301F-11D3-BF4B-00C04F79EFBC}") = "task6", "task6\task6.csproj", "{6BF679E1-866B-4C7A-AF97-3D29C2A6BF64}"
EndProject
Global
	GlobalSection(SolutionConfigurationPlatforms) = preSolution
		Debug|Any CPU = Debug|Any CPU
		Release|Any CPU = Release|Any CPU
	EndGlobalSection
	GlobalSection(ProjectConfigurationPlatforms) = postSolution
		{CCA5E3EA-74F6-42F9-A6AF-0D04A774BFBD}.Debug|Any CPU.ActiveCfg = Debug|Any CPU
		{CCA5E3EA-74F6-42F9-A6AF-0D04A774BFBD}.Debug|Any CPU.Build.0 = Debug|Any CPU
		{CCA5E3EA-74F6-42F9-A6AF-0D04A774BFBD}.Release|Any CPU.ActiveCfg = Release|Any CPU
		{CCA5E3EA-74F6-42F9-A6AF-0D04A774BFBD}.Release|Any CPU.Build.0 = Release|Any CPU
		{AD6FA59E-048F-44F9-9FF1-238A0CDD7723}.Debug|Any CPU.ActiveCfg = Debug|Any CPU
		{AD6FA59E-048F-44F9-9FF1-238A0CDD7723}.Debug|Any CPU.Build.0 = Debug|Any CPU
		{AD6FA59E-048F-44F9-9FF1-238A0CDD7723}.Release|Any CPU.ActiveCfg = Release|Any CPU
		{AD6FA59E-048F-44F9-9FF1-238A0CDD7723}.Release|Any CPU.Build.0 = Release|Any CPU
		{65A97EF8-0350-4E76-B69B-DAFE64BFEC86}.Debug|Any CPU.ActiveCfg = Debug|Any CPU
		{65A97EF8-0350-4E76-B69B-DAFE64BFEC86}.Debug|Any CPU.Build.0 = Debug|Any CPU
		{65A97EF8-0350-4E76-B69B-DAFE64BFEC86}.Release|Any CPU.ActiveCfg = Release|Any CPU
		{65A97EF8-0350-4E76-B69B-DAFE64BFEC86}.Release|Any CPU.Build.0 = Release|Any CPU
		{354EFEF3-90C5-4E5A-83C3-F9B79BDD984B}.Debug|Any CPU.ActiveCfg = Debug|Any CPU
		{354EFEF3-90C5-4E5A-83C3-F9B79BDD984B}.Debug|Any CPU.Build.0 = Debug|Any CPU
		{354EFEF3-90C5-4E5A-83C3-F9B79BDD984B}.Release|Any CPU.ActiveCfg = Release|Any CPU
		{354EFEF3-90C5-4E5A-83C3-F9B79BDD984B}.Release|Any CPU.Build.0 = Release|Any CPU
		{48D463B3-0E68-491F-987E-87C162CAA158}.Debug|Any CPU.ActiveCfg = Debug|Any CPU
		{48D463B3-0E68-491F-987E-87C162CAA158}.Debug|Any CPU.Build.0 = Debug|Any CPU
		{48D463B3-0E68-491F-987E-87C162CAA158}.Release|Any CPU.ActiveCfg = Release|Any CPU
		{48D463B3-0E68-491F-987E-87C162CAA158}.Release|Any CPU.Build.0 = Release|Any CPU
		{C42B8C05-35AF-49FC-8DA9-2DCD4CD47EC0}.Debug|Any CPU.ActiveCfg = Debug|Any CPU
		{C42B8C05-35AF-49FC-8DA9-2DCD4CD47EC0}.Debug|Any CPU.Build.0 = Debug|Any CPU
		{C42B8C05-35AF-49FC-8DA9-2DCD4CD47EC0}.Release|Any CPU.ActiveCfg = Release|Any CPU
		{C42B8C05-35AF-49FC-8DA9-2DCD4CD47EC0}.Release|Any CPU.Build.0 = Release|Any CPU
		{FBB689D0-CA21-4A2D-809C-930A3B2335AF}.Debug|Any CPU.ActiveCfg = Debug|Any CPU
		{FBB689D0-CA21-4A2D-809C-930A3B2335AF}.Debug|Any CPU.Build.0 = Debug|Any CPU
		{FBB689D0-CA21-4A2D-809C-930A3B2335AF}.Release|Any CPU.ActiveCfg = Release|Any CPU
		{FBB689D0-CA21-4A2D-809C-930A3B2335AF}.Release|Any CPU.Build.0 = Release|Any CPU
		{13CE3EBB-B593-4161-A492-00317CAF8240}.Debug|Any CPU.ActiveCfg = Debug|Any CPU
		{13CE3EBB-B593-4161-A492-00317CAF8240}.Debug|Any CPU.Build.0 = Debug|Any CPU
		{13CE3EBB-B593-4161-A492-00317CAF8240}.Release|Any CPU.ActiveCfg = Release|Any CPU
		{13CE3EBB-B593-4161-A492-00317CAF8240}.Release|Any CPU.Build.0 = Release|Any CPU
		{0E0DE3A1-927C-4BB6-B16A-C77659936646}.Debug|Any CPU.ActiveCfg = Debug|Any CPU
		{0E0DE3A1-927C-4BB6-B16A-C77659936646}.Debug|Any CPU.Build.0 = Debug|Any CPU
		{0E0DE3A1-927C-4BB6-B16A-C77659936646}.Release|Any CPU.ActiveCfg = Release|Any CPU
		{0E0DE3A1-927C-4BB6-B16A-C77659936646}.Release|Any CPU.Build.0 = Release|Any CPU
		{DC524153-EEB9-4657-B39E-098BAE282312}.Debug|Any CPU.ActiveCfg = Debug|Any CPU
		{DC524153-EEB9-4657-B39E-098BAE282312}.Debug|Any CPU.Build.0 = Debug|Any CPU
		{DC524153-EEB9-4657-B39E-098BAE282312}.Release|Any CPU.ActiveCfg = Release|Any CPU
		{DC524153-EEB9-4657-B39E-098BAE282312}.Release|Any CPU.Build.0 = Release|Any CPU
		{5978D4C2-7235-400B-8899-52BBC005965C}.Debug|Any CPU.ActiveCfg = Debug|Any CPU
		{5978D4C2-7235-400B-8899-52BBC005965C}.Debug|Any CPU.Build.0 = Debug|Any CPU
		{5978D4C2-7235-400B-8899-52BBC005965C}.Release|Any CPU.ActiveCfg = Release|Any CPU
		{5978D4C2-7235-400B-8899-52BBC005965C}.Release|Any CPU.Build.0 = Release|Any CPU
		{6BF679E1-866B-4C7A-AF97-3D29C2A6BF64}.Debug|Any CPU.ActiveCfg = Debug|Any CPU
		{6BF679E1-866B-4C7A-AF97-3D29C2A6BF64}.Debug|Any CPU.Build.0 = Debug|Any CPU
		{6BF679E1-866B-4C7A-AF97-3D29C2A6BF64}.Release|Any CPU.ActiveCfg = Release|Any CPU
		{6BF679E1-866B-4C7A-AF97-3D29C2A6BF64}.Release|Any CPU.Build.0 = Release|Any CPU
	EndGlobalSection
	GlobalSection(SolutionProperties) = preSolution
		HideSolutionNode = FALSE
	EndGlobalSection
	GlobalSection(NestedProjects) = preSolution
		{CCA5E3EA-74F6-42F9-A6AF-0D04A774BFBD} = {8FAE0C95-6F12-42C0-82BB-5E2BCFAAEE33}
		{AD6FA59E-048F-44F9-9FF1-238A0CDD7723} = {8FAE0C95-6F12-42C0-82BB-5E2BCFAAEE33}
		{65A97EF8-0350-4E76-B69B-DAFE64BFEC86} = {360E3E67-B9F1-4840-9E02-8FAFBBEBDE56}
		{354EFEF3-90C5-4E5A-83C3-F9B79BDD984B} = {360E3E67-B9F1-4840-9E02-8FAFBBEBDE56}
		{48D463B3-0E68-491F-987E-87C162CAA158} = {6E73D3DA-4180-4768-AC4D-12DE876669BC}
		{C42B8C05-35AF-49FC-8DA9-2DCD4CD47EC0} = {6E73D3DA-4180-4768-AC4D-12DE876669BC}
		{FBB689D0-CA21-4A2D-809C-930A3B2335AF} = {0692E4BA-7D81-4F39-8A6A-CE8A7A7845FB}
		{13CE3EBB-B593-4161-A492-00317CAF8240} = {0692E4BA-7D81-4F39-8A6A-CE8A7A7845FB}
		{0E0DE3A1-927C-4BB6-B16A-C77659936646} = {D68D8A00-1BDD-48FA-A6F2-72FDD07F9552}
		{DC524153-EEB9-4657-B39E-098BAE282312} = {D68D8A00-1BDD-48FA-A6F2-72FDD07F9552}
		{5978D4C2-7235-400B-8899-52BBC005965C} = {435FDD74-AC4E-49C6-97D4-AAEE73EA8CC3}
		{6BF679E1-866B-4C7A-AF97-3D29C2A6BF64} = {435FDD74-AC4E-49C6-97D4-AAEE73EA8CC3}
	EndGlobalSection
	GlobalSection(ExtensibilityGlobals) = postSolution
		SolutionGuid = {B0818834-DEEE-4771-A2F0-1DBA331158FC}
	EndGlobalSection
EndGlobal
